// !$*UTF8*$!
{
	archiveVersion = 1;
	classes = {
	};
	objectVersion = 46;
	objects = {

/* Begin PBXBuildFile section */
		DE43D17115258F7700C16766 /* NSDate+WZJSON.m in Sources */ = {isa = PBXBuildFile; fileRef = DE43D16F15258F7700C16766 /* NSDate+WZJSON.m */; };
		DE546A02155C17A800270A1A /* JRSwizzle.m in Sources */ = {isa = PBXBuildFile; fileRef = DE546A01155C17A800270A1A /* JRSwizzle.m */; };
		DE71ADC61509EE7F00445B75 /* NSPersistentStoreCoordinator+Wyzers.m in Sources */ = {isa = PBXBuildFile; fileRef = DE71ADC41509EE7E00445B75 /* NSPersistentStoreCoordinator+Wyzers.m */; };
		DE77C9121567F20300E86423 /* WZInnerShadowLabel.m in Sources */ = {isa = PBXBuildFile; fileRef = DE77C9111567F20300E86423 /* WZInnerShadowLabel.m */; };
		DE923F681539BD130029C3CA /* WZGradientView.m in Sources */ = {isa = PBXBuildFile; fileRef = DE923F661539BD130029C3CA /* WZGradientView.m */; };
		DE923F6B1539BD450029C3CA /* CoreGraphics.framework in Frameworks */ = {isa = PBXBuildFile; fileRef = DE923F6A1539BD450029C3CA /* CoreGraphics.framework */; };
		DE923F6D1539BD770029C3CA /* QuartzCore.framework in Frameworks */ = {isa = PBXBuildFile; fileRef = DE923F6C1539BD770029C3CA /* QuartzCore.framework */; };
		DE9CE9F81513263700CCB8A9 /* NSDictionary+Wyzers.m in Sources */ = {isa = PBXBuildFile; fileRef = DE9CE9F61513263700CCB8A9 /* NSDictionary+Wyzers.m */; };
		DE9CEA0615133DD000CCB8A9 /* NSString+Wyzers.m in Sources */ = {isa = PBXBuildFile; fileRef = DEC2861215123C8F0043CBD2 /* NSString+Wyzers.m */; };
		DE9E4BE0151E320800F248D4 /* UIActionSheet+Wyzers.m in Sources */ = {isa = PBXBuildFile; fileRef = DE9E4BDE151E320800F248D4 /* UIActionSheet+Wyzers.m */; };
		DEA008D31529F712005BBCFA /* UIImage+Resize.m in Sources */ = {isa = PBXBuildFile; fileRef = DEA008D11529F712005BBCFA /* UIImage+Resize.m */; };
		DEA443C31510FCDD00E408F8 /* WZResponderLabel.m in Sources */ = {isa = PBXBuildFile; fileRef = DEA443C11510FCDD00E408F8 /* WZResponderLabel.m */; };
		DEAB0B511520C4A8001A3BB5 /* WZPromptAlertView.m in Sources */ = {isa = PBXBuildFile; fileRef = DEAB0B4F1520C4A8001A3BB5 /* WZPromptAlertView.m */; };
		DEAB0B5715219011001A3BB5 /* UIAlertView+Wyzers.m in Sources */ = {isa = PBXBuildFile; fileRef = DEAB0B5515219011001A3BB5 /* UIAlertView+Wyzers.m */; };
		DEC01FBC151CA27300C7C1C6 /* UITableView+Wyzers.m in Sources */ = {isa = PBXBuildFile; fileRef = DEC01FBA151CA27300C7C1C6 /* UITableView+Wyzers.m */; };
		DEC2861815123CE60043CBD2 /* UIDevice+Wyzers.m in Sources */ = {isa = PBXBuildFile; fileRef = DEC2861615123CE60043CBD2 /* UIDevice+Wyzers.m */; };
		DEC2863F151241D20043CBD2 /* Security.framework in Frameworks */ = {isa = PBXBuildFile; fileRef = DEC2863E151241D20043CBD2 /* Security.framework */; };
		DEC28643151241FA0043CBD2 /* WZKeyChain.m in Sources */ = {isa = PBXBuildFile; fileRef = DEC28641151241FA0043CBD2 /* WZKeyChain.m */; settings = {COMPILER_FLAGS = ""; }; };
		DED2EE42154D8C8F00C91558 /* UIButton+Wyzers.m in Sources */ = {isa = PBXBuildFile; fileRef = DED2EE41154D8C8F00C91558 /* UIButton+Wyzers.m */; };
		DEDE48EE1507B9B4009ADF4A /* WZCoreDataHelper.m in Sources */ = {isa = PBXBuildFile; fileRef = DEDE48EC1507B9B4009ADF4A /* WZCoreDataHelper.m */; };
		DEDE48F4150891B4009ADF4A /* NSManagedObjectModel+Wyzers.m in Sources */ = {isa = PBXBuildFile; fileRef = DEDE48F2150891B4009ADF4A /* NSManagedObjectModel+Wyzers.m */; };
		DEE42724157FB0620068ED05 /* NSThread+Wyzers.m in Sources */ = {isa = PBXBuildFile; fileRef = DEE42723157FB0620068ED05 /* NSThread+Wyzers.m */; };
		DEE91E37150F7E6900C11F54 /* WZLabelCell.m in Sources */ = {isa = PBXBuildFile; fileRef = DEE91E35150F7E6900C11F54 /* WZLabelCell.m */; };
		DEE91E3B150F80C900C11F54 /* WZLabelFieldCell.m in Sources */ = {isa = PBXBuildFile; fileRef = DEE91E39150F80C900C11F54 /* WZLabelFieldCell.m */; };
		DEE91E42150F895B00C11F54 /* WZLabelValueCell.m in Sources */ = {isa = PBXBuildFile; fileRef = DEE91E40150F895B00C11F54 /* WZLabelValueCell.m */; };
		DEE91E4A150F8AFD00C11F54 /* WZButtonCell.m in Sources */ = {isa = PBXBuildFile; fileRef = DEE91E48150F8AFD00C11F54 /* WZButtonCell.m */; };
		DEE91E5E150F972200C11F54 /* WZSelectViewController.m in Sources */ = {isa = PBXBuildFile; fileRef = DEE91E5C150F972200C11F54 /* WZSelectViewController.m */; };
		DEE91E711510793600C11F54 /* UIView+Wyzers.m in Sources */ = {isa = PBXBuildFile; fileRef = DEE91E6F1510793600C11F54 /* UIView+Wyzers.m */; };
		DEED52401507B1CD00F3C820 /* Foundation.framework in Frameworks */ = {isa = PBXBuildFile; fileRef = DEED523F1507B1CD00F3C820 /* Foundation.framework */; };
		DEED52781507B33200F3C820 /* NSArray+WZHelpers.m in Sources */ = {isa = PBXBuildFile; fileRef = DEED52761507B33200F3C820 /* NSArray+WZHelpers.m */; };
		DEED528F1507B64A00F3C820 /* CoreData.framework in Frameworks */ = {isa = PBXBuildFile; fileRef = DEED528E1507B64A00F3C820 /* CoreData.framework */; };
		DEED52941507B66400F3C820 /* NSManagedObjectContext+Wyzers.m in Sources */ = {isa = PBXBuildFile; fileRef = DEED52921507B66400F3C820 /* NSManagedObjectContext+Wyzers.m */; };
		DEED52981507B6A000F3C820 /* NSManagedObject+Wyzers.m in Sources */ = {isa = PBXBuildFile; fileRef = DEED52961507B6A000F3C820 /* NSManagedObject+Wyzers.m */; };
/* End PBXBuildFile section */

/* Begin PBXFileReference section */
		DE43D16E15258F7700C16766 /* NSDate+WZJSON.h */ = {isa = PBXFileReference; fileEncoding = 4; lastKnownFileType = sourcecode.c.h; path = "NSDate+WZJSON.h"; sourceTree = "<group>"; };
		DE43D16F15258F7700C16766 /* NSDate+WZJSON.m */ = {isa = PBXFileReference; fileEncoding = 4; lastKnownFileType = sourcecode.c.objc; path = "NSDate+WZJSON.m"; sourceTree = "<group>"; };
		DE546A00155C17A800270A1A /* JRSwizzle.h */ = {isa = PBXFileReference; fileEncoding = 4; lastKnownFileType = sourcecode.c.h; path = JRSwizzle.h; sourceTree = "<group>"; };
		DE546A01155C17A800270A1A /* JRSwizzle.m */ = {isa = PBXFileReference; fileEncoding = 4; lastKnownFileType = sourcecode.c.objc; path = JRSwizzle.m; sourceTree = "<group>"; };
		DE71ADA21509106200445B75 /* WZCoreData.h */ = {isa = PBXFileReference; fileEncoding = 4; lastKnownFileType = sourcecode.c.h; path = WZCoreData.h; sourceTree = "<group>"; };
		DE71ADC31509EE7E00445B75 /* NSPersistentStoreCoordinator+Wyzers.h */ = {isa = PBXFileReference; fileEncoding = 4; lastKnownFileType = sourcecode.c.h; path = "NSPersistentStoreCoordinator+Wyzers.h"; sourceTree = "<group>"; };
		DE71ADC41509EE7E00445B75 /* NSPersistentStoreCoordinator+Wyzers.m */ = {isa = PBXFileReference; fileEncoding = 4; lastKnownFileType = sourcecode.c.objc; path = "NSPersistentStoreCoordinator+Wyzers.m"; sourceTree = "<group>"; };
		DE77C9101567F20300E86423 /* WZInnerShadowLabel.h */ = {isa = PBXFileReference; fileEncoding = 4; lastKnownFileType = sourcecode.c.h; path = WZInnerShadowLabel.h; sourceTree = "<group>"; };
		DE77C9111567F20300E86423 /* WZInnerShadowLabel.m */ = {isa = PBXFileReference; fileEncoding = 4; lastKnownFileType = sourcecode.c.objc; path = WZInnerShadowLabel.m; sourceTree = "<group>"; };
		DE923F651539BD130029C3CA /* WZGradientView.h */ = {isa = PBXFileReference; fileEncoding = 4; lastKnownFileType = sourcecode.c.h; path = WZGradientView.h; sourceTree = "<group>"; };
		DE923F661539BD130029C3CA /* WZGradientView.m */ = {isa = PBXFileReference; fileEncoding = 4; lastKnownFileType = sourcecode.c.objc; path = WZGradientView.m; sourceTree = "<group>"; };
		DE923F6A1539BD450029C3CA /* CoreGraphics.framework */ = {isa = PBXFileReference; lastKnownFileType = wrapper.framework; name = CoreGraphics.framework; path = System/Library/Frameworks/CoreGraphics.framework; sourceTree = SDKROOT; };
		DE923F6C1539BD770029C3CA /* QuartzCore.framework */ = {isa = PBXFileReference; lastKnownFileType = wrapper.framework; name = QuartzCore.framework; path = System/Library/Frameworks/QuartzCore.framework; sourceTree = SDKROOT; };
		DE9CE9F51513263700CCB8A9 /* NSDictionary+Wyzers.h */ = {isa = PBXFileReference; fileEncoding = 4; lastKnownFileType = sourcecode.c.h; path = "NSDictionary+Wyzers.h"; sourceTree = "<group>"; };
		DE9CE9F61513263700CCB8A9 /* NSDictionary+Wyzers.m */ = {isa = PBXFileReference; fileEncoding = 4; lastKnownFileType = sourcecode.c.objc; path = "NSDictionary+Wyzers.m"; sourceTree = "<group>"; };
		DE9E4BDB151E31D800F248D4 /* WZBlocks.h */ = {isa = PBXFileReference; lastKnownFileType = sourcecode.c.h; path = WZBlocks.h; sourceTree = "<group>"; };
		DE9E4BDD151E320800F248D4 /* UIActionSheet+Wyzers.h */ = {isa = PBXFileReference; fileEncoding = 4; lastKnownFileType = sourcecode.c.h; path = "UIActionSheet+Wyzers.h"; sourceTree = "<group>"; };
		DE9E4BDE151E320800F248D4 /* UIActionSheet+Wyzers.m */ = {isa = PBXFileReference; fileEncoding = 4; lastKnownFileType = sourcecode.c.objc; path = "UIActionSheet+Wyzers.m"; sourceTree = "<group>"; };
		DEA008D01529F712005BBCFA /* UIImage+Resize.h */ = {isa = PBXFileReference; fileEncoding = 4; lastKnownFileType = sourcecode.c.h; path = "UIImage+Resize.h"; sourceTree = "<group>"; };
		DEA008D11529F712005BBCFA /* UIImage+Resize.m */ = {isa = PBXFileReference; fileEncoding = 4; lastKnownFileType = sourcecode.c.objc; path = "UIImage+Resize.m"; sourceTree = "<group>"; };
		DEA443C01510FCDD00E408F8 /* WZResponderLabel.h */ = {isa = PBXFileReference; fileEncoding = 4; lastKnownFileType = sourcecode.c.h; path = WZResponderLabel.h; sourceTree = "<group>"; };
		DEA443C11510FCDD00E408F8 /* WZResponderLabel.m */ = {isa = PBXFileReference; fileEncoding = 4; lastKnownFileType = sourcecode.c.objc; path = WZResponderLabel.m; sourceTree = "<group>"; };
		DEAB0B4E1520C4A8001A3BB5 /* WZPromptAlertView.h */ = {isa = PBXFileReference; fileEncoding = 4; lastKnownFileType = sourcecode.c.h; path = WZPromptAlertView.h; sourceTree = "<group>"; };
		DEAB0B4F1520C4A8001A3BB5 /* WZPromptAlertView.m */ = {isa = PBXFileReference; fileEncoding = 4; lastKnownFileType = sourcecode.c.objc; path = WZPromptAlertView.m; sourceTree = "<group>"; };
		DEAB0B5415219011001A3BB5 /* UIAlertView+Wyzers.h */ = {isa = PBXFileReference; fileEncoding = 4; lastKnownFileType = sourcecode.c.h; path = "UIAlertView+Wyzers.h"; sourceTree = "<group>"; };
		DEAB0B5515219011001A3BB5 /* UIAlertView+Wyzers.m */ = {isa = PBXFileReference; fileEncoding = 4; lastKnownFileType = sourcecode.c.objc; path = "UIAlertView+Wyzers.m"; sourceTree = "<group>"; };
		DEC01FB9151CA27300C7C1C6 /* UITableView+Wyzers.h */ = {isa = PBXFileReference; fileEncoding = 4; lastKnownFileType = sourcecode.c.h; path = "UITableView+Wyzers.h"; sourceTree = "<group>"; };
		DEC01FBA151CA27300C7C1C6 /* UITableView+Wyzers.m */ = {isa = PBXFileReference; fileEncoding = 4; lastKnownFileType = sourcecode.c.objc; path = "UITableView+Wyzers.m"; sourceTree = "<group>"; };
		DEC2861115123C8F0043CBD2 /* NSString+Wyzers.h */ = {isa = PBXFileReference; fileEncoding = 4; lastKnownFileType = sourcecode.c.h; path = "NSString+Wyzers.h"; sourceTree = "<group>"; };
		DEC2861215123C8F0043CBD2 /* NSString+Wyzers.m */ = {isa = PBXFileReference; fileEncoding = 4; lastKnownFileType = sourcecode.c.objc; path = "NSString+Wyzers.m"; sourceTree = "<group>"; };
		DEC2861515123CE60043CBD2 /* UIDevice+Wyzers.h */ = {isa = PBXFileReference; fileEncoding = 4; lastKnownFileType = sourcecode.c.h; path = "UIDevice+Wyzers.h"; sourceTree = "<group>"; };
		DEC2861615123CE60043CBD2 /* UIDevice+Wyzers.m */ = {isa = PBXFileReference; fileEncoding = 4; lastKnownFileType = sourcecode.c.objc; path = "UIDevice+Wyzers.m"; sourceTree = "<group>"; };
		DEC2863E151241D20043CBD2 /* Security.framework */ = {isa = PBXFileReference; lastKnownFileType = wrapper.framework; name = Security.framework; path = System/Library/Frameworks/Security.framework; sourceTree = SDKROOT; };
		DEC28640151241FA0043CBD2 /* WZKeyChain.h */ = {isa = PBXFileReference; fileEncoding = 4; lastKnownFileType = sourcecode.c.h; path = WZKeyChain.h; sourceTree = "<group>"; };
		DEC28641151241FA0043CBD2 /* WZKeyChain.m */ = {isa = PBXFileReference; fileEncoding = 4; lastKnownFileType = sourcecode.c.objc; path = WZKeyChain.m; sourceTree = "<group>"; };
		DED2EE40154D8C8F00C91558 /* UIButton+Wyzers.h */ = {isa = PBXFileReference; fileEncoding = 4; lastKnownFileType = sourcecode.c.h; path = "UIButton+Wyzers.h"; sourceTree = "<group>"; };
		DED2EE41154D8C8F00C91558 /* UIButton+Wyzers.m */ = {isa = PBXFileReference; fileEncoding = 4; lastKnownFileType = sourcecode.c.objc; path = "UIButton+Wyzers.m"; sourceTree = "<group>"; };
		DEDE48EB1507B9B4009ADF4A /* WZCoreDataHelper.h */ = {isa = PBXFileReference; fileEncoding = 4; lastKnownFileType = sourcecode.c.h; path = WZCoreDataHelper.h; sourceTree = "<group>"; };
		DEDE48EC1507B9B4009ADF4A /* WZCoreDataHelper.m */ = {isa = PBXFileReference; fileEncoding = 4; lastKnownFileType = sourcecode.c.objc; path = WZCoreDataHelper.m; sourceTree = "<group>"; };
		DEDE48F01507BBD5009ADF4A /* WZHelpers.h */ = {isa = PBXFileReference; lastKnownFileType = sourcecode.c.h; path = WZHelpers.h; sourceTree = "<group>"; };
		DEDE48F1150891B4009ADF4A /* NSManagedObjectModel+Wyzers.h */ = {isa = PBXFileReference; fileEncoding = 4; lastKnownFileType = sourcecode.c.h; path = "NSManagedObjectModel+Wyzers.h"; sourceTree = "<group>"; };
		DEDE48F2150891B4009ADF4A /* NSManagedObjectModel+Wyzers.m */ = {isa = PBXFileReference; fileEncoding = 4; lastKnownFileType = sourcecode.c.objc; path = "NSManagedObjectModel+Wyzers.m"; sourceTree = "<group>"; };
		DEE42722157FB0620068ED05 /* NSThread+Wyzers.h */ = {isa = PBXFileReference; fileEncoding = 4; lastKnownFileType = sourcecode.c.h; path = "NSThread+Wyzers.h"; sourceTree = "<group>"; };
		DEE42723157FB0620068ED05 /* NSThread+Wyzers.m */ = {isa = PBXFileReference; fileEncoding = 4; lastKnownFileType = sourcecode.c.objc; path = "NSThread+Wyzers.m"; sourceTree = "<group>"; };
		DEE91E34150F7E6900C11F54 /* WZLabelCell.h */ = {isa = PBXFileReference; fileEncoding = 4; lastKnownFileType = sourcecode.c.h; path = WZLabelCell.h; sourceTree = "<group>"; };
		DEE91E35150F7E6900C11F54 /* WZLabelCell.m */ = {isa = PBXFileReference; fileEncoding = 4; lastKnownFileType = sourcecode.c.objc; path = WZLabelCell.m; sourceTree = "<group>"; };
		DEE91E38150F80C900C11F54 /* WZLabelFieldCell.h */ = {isa = PBXFileReference; fileEncoding = 4; lastKnownFileType = sourcecode.c.h; path = WZLabelFieldCell.h; sourceTree = "<group>"; };
		DEE91E39150F80C900C11F54 /* WZLabelFieldCell.m */ = {isa = PBXFileReference; fileEncoding = 4; lastKnownFileType = sourcecode.c.objc; path = WZLabelFieldCell.m; sourceTree = "<group>"; };
		DEE91E3E150F84A100C11F54 /* WZGUI.h */ = {isa = PBXFileReference; lastKnownFileType = sourcecode.c.h; path = WZGUI.h; sourceTree = "<group>"; };
		DEE91E3F150F895B00C11F54 /* WZLabelValueCell.h */ = {isa = PBXFileReference; fileEncoding = 4; lastKnownFileType = sourcecode.c.h; path = WZLabelValueCell.h; sourceTree = "<group>"; };
		DEE91E40150F895B00C11F54 /* WZLabelValueCell.m */ = {isa = PBXFileReference; fileEncoding = 4; lastKnownFileType = sourcecode.c.objc; path = WZLabelValueCell.m; sourceTree = "<group>"; };
		DEE91E47150F8AFD00C11F54 /* WZButtonCell.h */ = {isa = PBXFileReference; fileEncoding = 4; lastKnownFileType = sourcecode.c.h; path = WZButtonCell.h; sourceTree = "<group>"; };
		DEE91E48150F8AFD00C11F54 /* WZButtonCell.m */ = {isa = PBXFileReference; fileEncoding = 4; lastKnownFileType = sourcecode.c.objc; path = WZButtonCell.m; sourceTree = "<group>"; };
		DEE91E5B150F972200C11F54 /* WZSelectViewController.h */ = {isa = PBXFileReference; fileEncoding = 4; lastKnownFileType = sourcecode.c.h; path = WZSelectViewController.h; sourceTree = "<group>"; };
		DEE91E5C150F972200C11F54 /* WZSelectViewController.m */ = {isa = PBXFileReference; fileEncoding = 4; lastKnownFileType = sourcecode.c.objc; path = WZSelectViewController.m; sourceTree = "<group>"; };
		DEE91E6E1510793600C11F54 /* UIView+Wyzers.h */ = {isa = PBXFileReference; fileEncoding = 4; lastKnownFileType = sourcecode.c.h; path = "UIView+Wyzers.h"; sourceTree = "<group>"; };
		DEE91E6F1510793600C11F54 /* UIView+Wyzers.m */ = {isa = PBXFileReference; fileEncoding = 4; lastKnownFileType = sourcecode.c.objc; path = "UIView+Wyzers.m"; sourceTree = "<group>"; };
		DEED523C1507B1CD00F3C820 /* libWZFoundation.a */ = {isa = PBXFileReference; explicitFileType = archive.ar; includeInIndex = 0; path = libWZFoundation.a; sourceTree = BUILT_PRODUCTS_DIR; };
		DEED523F1507B1CD00F3C820 /* Foundation.framework */ = {isa = PBXFileReference; lastKnownFileType = wrapper.framework; name = Foundation.framework; path = System/Library/Frameworks/Foundation.framework; sourceTree = SDKROOT; };
		DEED52431507B1CD00F3C820 /* WZFoundation-Prefix.pch */ = {isa = PBXFileReference; lastKnownFileType = sourcecode.c.h; path = "WZFoundation-Prefix.pch"; sourceTree = "<group>"; };
		DEED524D1507B1CD00F3C820 /* SenTestingKit.framework */ = {isa = PBXFileReference; lastKnownFileType = wrapper.framework; name = SenTestingKit.framework; path = Library/Frameworks/SenTestingKit.framework; sourceTree = DEVELOPER_DIR; };
		DEED524F1507B1CD00F3C820 /* UIKit.framework */ = {isa = PBXFileReference; lastKnownFileType = wrapper.framework; name = UIKit.framework; path = Library/Frameworks/UIKit.framework; sourceTree = DEVELOPER_DIR; };
		DEED526F1507B25700F3C820 /* WZFoundation.h */ = {isa = PBXFileReference; fileEncoding = 4; lastKnownFileType = sourcecode.c.h; path = WZFoundation.h; sourceTree = "<group>"; };
		DEED52731507B2A200F3C820 /* LoadableCategory.h */ = {isa = PBXFileReference; fileEncoding = 4; lastKnownFileType = sourcecode.c.h; path = LoadableCategory.h; sourceTree = "<group>"; };
		DEED52751507B33200F3C820 /* NSArray+WZHelpers.h */ = {isa = PBXFileReference; fileEncoding = 4; lastKnownFileType = sourcecode.c.h; path = "NSArray+WZHelpers.h"; sourceTree = "<group>"; };
		DEED52761507B33200F3C820 /* NSArray+WZHelpers.m */ = {isa = PBXFileReference; fileEncoding = 4; lastKnownFileType = sourcecode.c.objc; path = "NSArray+WZHelpers.m"; sourceTree = "<group>"; };
		DEED528E1507B64A00F3C820 /* CoreData.framework */ = {isa = PBXFileReference; lastKnownFileType = wrapper.framework; name = CoreData.framework; path = System/Library/Frameworks/CoreData.framework; sourceTree = SDKROOT; };
		DEED52911507B66400F3C820 /* NSManagedObjectContext+Wyzers.h */ = {isa = PBXFileReference; fileEncoding = 4; lastKnownFileType = sourcecode.c.h; path = "NSManagedObjectContext+Wyzers.h"; sourceTree = "<group>"; };
		DEED52921507B66400F3C820 /* NSManagedObjectContext+Wyzers.m */ = {isa = PBXFileReference; fileEncoding = 4; lastKnownFileType = sourcecode.c.objc; path = "NSManagedObjectContext+Wyzers.m"; sourceTree = "<group>"; };
		DEED52951507B69F00F3C820 /* NSManagedObject+Wyzers.h */ = {isa = PBXFileReference; fileEncoding = 4; lastKnownFileType = sourcecode.c.h; path = "NSManagedObject+Wyzers.h"; sourceTree = "<group>"; };
		DEED52961507B6A000F3C820 /* NSManagedObject+Wyzers.m */ = {isa = PBXFileReference; fileEncoding = 4; lastKnownFileType = sourcecode.c.objc; path = "NSManagedObject+Wyzers.m"; sourceTree = "<group>"; };
/* End PBXFileReference section */

/* Begin PBXFrameworksBuildPhase section */
		DEED52391507B1CD00F3C820 /* Frameworks */ = {
			isa = PBXFrameworksBuildPhase;
			buildActionMask = 2147483647;
			files = (
				DEED528F1507B64A00F3C820 /* CoreData.framework in Frameworks */,
				DEED52401507B1CD00F3C820 /* Foundation.framework in Frameworks */,
				DEC2863F151241D20043CBD2 /* Security.framework in Frameworks */,
				DE923F6B1539BD450029C3CA /* CoreGraphics.framework in Frameworks */,
				DE923F6D1539BD770029C3CA /* QuartzCore.framework in Frameworks */,
			);
			runOnlyForDeploymentPostprocessing = 0;
		};
/* End PBXFrameworksBuildPhase section */

/* Begin PBXGroup section */
		DEE91E31150F742600C11F54 /* GUI */ = {
			isa = PBXGroup;
			children = (
				DEE91E3E150F84A100C11F54 /* WZGUI.h */,
				DE9E4BDB151E31D800F248D4 /* WZBlocks.h */,
				DEE91E33150F7E4800C11F54 /* Cells */,
				DEE91E5B150F972200C11F54 /* WZSelectViewController.h */,
				DEE91E5C150F972200C11F54 /* WZSelectViewController.m */,
				DEC01FB9151CA27300C7C1C6 /* UITableView+Wyzers.h */,
				DEC01FBA151CA27300C7C1C6 /* UITableView+Wyzers.m */,
				DE9E4BDD151E320800F248D4 /* UIActionSheet+Wyzers.h */,
				DE9E4BDE151E320800F248D4 /* UIActionSheet+Wyzers.m */,
				DEAB0B4E1520C4A8001A3BB5 /* WZPromptAlertView.h */,
				DEAB0B4F1520C4A8001A3BB5 /* WZPromptAlertView.m */,
				DEAB0B5415219011001A3BB5 /* UIAlertView+Wyzers.h */,
				DEAB0B5515219011001A3BB5 /* UIAlertView+Wyzers.m */,
				DE923F651539BD130029C3CA /* WZGradientView.h */,
				DE923F661539BD130029C3CA /* WZGradientView.m */,
				DED2EE40154D8C8F00C91558 /* UIButton+Wyzers.h */,
				DED2EE41154D8C8F00C91558 /* UIButton+Wyzers.m */,
				DE77C9101567F20300E86423 /* WZInnerShadowLabel.h */,
				DE77C9111567F20300E86423 /* WZInnerShadowLabel.m */,
			);
			path = GUI;
			sourceTree = "<group>";
		};
		DEE91E33150F7E4800C11F54 /* Cells */ = {
			isa = PBXGroup;
			children = (
				DEE91E34150F7E6900C11F54 /* WZLabelCell.h */,
				DEE91E35150F7E6900C11F54 /* WZLabelCell.m */,
				DEE91E38150F80C900C11F54 /* WZLabelFieldCell.h */,
				DEE91E39150F80C900C11F54 /* WZLabelFieldCell.m */,
				DEE91E3F150F895B00C11F54 /* WZLabelValueCell.h */,
				DEE91E40150F895B00C11F54 /* WZLabelValueCell.m */,
				DEE91E47150F8AFD00C11F54 /* WZButtonCell.h */,
				DEE91E48150F8AFD00C11F54 /* WZButtonCell.m */,
				DEA443C01510FCDD00E408F8 /* WZResponderLabel.h */,
				DEA443C11510FCDD00E408F8 /* WZResponderLabel.m */,
			);
			name = Cells;
			sourceTree = "<group>";
		};
		DEED52311507B1CC00F3C820 = {
			isa = PBXGroup;
			children = (
				DEED52411507B1CD00F3C820 /* WZFoundation */,
				DEED523E1507B1CD00F3C820 /* Frameworks */,
				DEED523D1507B1CD00F3C820 /* Products */,
			);
			sourceTree = "<group>";
		};
		DEED523D1507B1CD00F3C820 /* Products */ = {
			isa = PBXGroup;
			children = (
				DEED523C1507B1CD00F3C820 /* libWZFoundation.a */,
			);
			name = Products;
			sourceTree = "<group>";
		};
		DEED523E1507B1CD00F3C820 /* Frameworks */ = {
			isa = PBXGroup;
			children = (
				DE923F6C1539BD770029C3CA /* QuartzCore.framework */,
				DE923F6A1539BD450029C3CA /* CoreGraphics.framework */,
				DEC2863E151241D20043CBD2 /* Security.framework */,
				DEED528E1507B64A00F3C820 /* CoreData.framework */,
				DEED523F1507B1CD00F3C820 /* Foundation.framework */,
				DEED524D1507B1CD00F3C820 /* SenTestingKit.framework */,
				DEED524F1507B1CD00F3C820 /* UIKit.framework */,
			);
			name = Frameworks;
			sourceTree = "<group>";
		};
		DEED52411507B1CD00F3C820 /* WZFoundation */ = {
			isa = PBXGroup;
			children = (
				DEED526F1507B25700F3C820 /* WZFoundation.h */,
				DEED526A1507B21500F3C820 /* Core Data */,
				DEE91E31150F742600C11F54 /* GUI */,
				DEED526B1507B22500F3C820 /* Helpers */,
				DEED52421507B1CD00F3C820 /* Supporting Files */,
			);
			path = WZFoundation;
			sourceTree = "<group>";
		};
		DEED52421507B1CD00F3C820 /* Supporting Files */ = {
			isa = PBXGroup;
			children = (
				DEED52431507B1CD00F3C820 /* WZFoundation-Prefix.pch */,
			);
			name = "Supporting Files";
			sourceTree = "<group>";
		};
		DEED526A1507B21500F3C820 /* Core Data */ = {
			isa = PBXGroup;
			children = (
				DE71ADA21509106200445B75 /* WZCoreData.h */,
				DEDE48EB1507B9B4009ADF4A /* WZCoreDataHelper.h */,
				DEDE48EC1507B9B4009ADF4A /* WZCoreDataHelper.m */,
				DEED52951507B69F00F3C820 /* NSManagedObject+Wyzers.h */,
				DEED52961507B6A000F3C820 /* NSManagedObject+Wyzers.m */,
				DEED52911507B66400F3C820 /* NSManagedObjectContext+Wyzers.h */,
				DEED52921507B66400F3C820 /* NSManagedObjectContext+Wyzers.m */,
				DEDE48F1150891B4009ADF4A /* NSManagedObjectModel+Wyzers.h */,
				DEDE48F2150891B4009ADF4A /* NSManagedObjectModel+Wyzers.m */,
				DE71ADC31509EE7E00445B75 /* NSPersistentStoreCoordinator+Wyzers.h */,
				DE71ADC41509EE7E00445B75 /* NSPersistentStoreCoordinator+Wyzers.m */,
			);
			name = "Core Data";
			path = CoreData;
			sourceTree = "<group>";
		};
		DEED526B1507B22500F3C820 /* Helpers */ = {
			isa = PBXGroup;
			children = (
				DE546A00155C17A800270A1A /* JRSwizzle.h */,
				DE546A01155C17A800270A1A /* JRSwizzle.m */,
				DEDE48F01507BBD5009ADF4A /* WZHelpers.h */,
				DEED52731507B2A200F3C820 /* LoadableCategory.h */,
				DEED52751507B33200F3C820 /* NSArray+WZHelpers.h */,
				DEED52761507B33200F3C820 /* NSArray+WZHelpers.m */,
				DEE91E6E1510793600C11F54 /* UIView+Wyzers.h */,
				DEE91E6F1510793600C11F54 /* UIView+Wyzers.m */,
				DEC2861115123C8F0043CBD2 /* NSString+Wyzers.h */,
				DEC2861215123C8F0043CBD2 /* NSString+Wyzers.m */,
				DEC2861515123CE60043CBD2 /* UIDevice+Wyzers.h */,
				DEC2861615123CE60043CBD2 /* UIDevice+Wyzers.m */,
				DEC28640151241FA0043CBD2 /* WZKeyChain.h */,
				DEC28641151241FA0043CBD2 /* WZKeyChain.m */,
				DE9CE9F51513263700CCB8A9 /* NSDictionary+Wyzers.h */,
				DE9CE9F61513263700CCB8A9 /* NSDictionary+Wyzers.m */,
				DE43D16E15258F7700C16766 /* NSDate+WZJSON.h */,
				DE43D16F15258F7700C16766 /* NSDate+WZJSON.m */,
				DEA008D01529F712005BBCFA /* UIImage+Resize.h */,
				DEA008D11529F712005BBCFA /* UIImage+Resize.m */,
				DEE42722157FB0620068ED05 /* NSThread+Wyzers.h */,
				DEE42723157FB0620068ED05 /* NSThread+Wyzers.m */,
			);
			path = Helpers;
			sourceTree = "<group>";
		};
/* End PBXGroup section */

/* Begin PBXNativeTarget section */
		DEED523B1507B1CD00F3C820 /* WZFoundation */ = {
			isa = PBXNativeTarget;
			buildConfigurationList = DEED52601507B1CD00F3C820 /* Build configuration list for PBXNativeTarget "WZFoundation" */;
			buildPhases = (
				DEED52381507B1CD00F3C820 /* Sources */,
				DEED52391507B1CD00F3C820 /* Frameworks */,
			);
			buildRules = (
			);
			dependencies = (
			);
			name = WZFoundation;
			productName = WZFoundation;
			productReference = DEED523C1507B1CD00F3C820 /* libWZFoundation.a */;
			productType = "com.apple.product-type.library.static";
		};
/* End PBXNativeTarget section */

/* Begin PBXProject section */
		DEED52331507B1CC00F3C820 /* Project object */ = {
			isa = PBXProject;
			attributes = {
				CLASSPREFIX = WZ;
				LastUpgradeCheck = 0430;
				ORGANIZATIONNAME = Wyzers;
			};
			buildConfigurationList = DEED52361507B1CC00F3C820 /* Build configuration list for PBXProject "WZFoundation" */;
			compatibilityVersion = "Xcode 3.2";
			developmentRegion = English;
			hasScannedForEncodings = 0;
			knownRegions = (
				en,
			);
			mainGroup = DEED52311507B1CC00F3C820;
			productRefGroup = DEED523D1507B1CD00F3C820 /* Products */;
			projectDirPath = "";
			projectRoot = "";
			targets = (
				DEED523B1507B1CD00F3C820 /* WZFoundation */,
			);
		};
/* End PBXProject section */

/* Begin PBXSourcesBuildPhase section */
		DEED52381507B1CD00F3C820 /* Sources */ = {
			isa = PBXSourcesBuildPhase;
			buildActionMask = 2147483647;
			files = (
				DEED52781507B33200F3C820 /* NSArray+WZHelpers.m in Sources */,
				DEED52941507B66400F3C820 /* NSManagedObjectContext+Wyzers.m in Sources */,
				DEED52981507B6A000F3C820 /* NSManagedObject+Wyzers.m in Sources */,
				DEDE48EE1507B9B4009ADF4A /* WZCoreDataHelper.m in Sources */,
				DEDE48F4150891B4009ADF4A /* NSManagedObjectModel+Wyzers.m in Sources */,
				DE71ADC61509EE7F00445B75 /* NSPersistentStoreCoordinator+Wyzers.m in Sources */,
				DEE91E37150F7E6900C11F54 /* WZLabelCell.m in Sources */,
				DEE91E3B150F80C900C11F54 /* WZLabelFieldCell.m in Sources */,
				DEE91E42150F895B00C11F54 /* WZLabelValueCell.m in Sources */,
				DEE91E4A150F8AFD00C11F54 /* WZButtonCell.m in Sources */,
				DEE91E5E150F972200C11F54 /* WZSelectViewController.m in Sources */,
				DEE91E711510793600C11F54 /* UIView+Wyzers.m in Sources */,
				DEA443C31510FCDD00E408F8 /* WZResponderLabel.m in Sources */,
				DEC2861815123CE60043CBD2 /* UIDevice+Wyzers.m in Sources */,
				DEC28643151241FA0043CBD2 /* WZKeyChain.m in Sources */,
				DE9CE9F81513263700CCB8A9 /* NSDictionary+Wyzers.m in Sources */,
				DE9CEA0615133DD000CCB8A9 /* NSString+Wyzers.m in Sources */,
				DEC01FBC151CA27300C7C1C6 /* UITableView+Wyzers.m in Sources */,
				DE9E4BE0151E320800F248D4 /* UIActionSheet+Wyzers.m in Sources */,
				DEAB0B511520C4A8001A3BB5 /* WZPromptAlertView.m in Sources */,
				DEAB0B5715219011001A3BB5 /* UIAlertView+Wyzers.m in Sources */,
				DE43D17115258F7700C16766 /* NSDate+WZJSON.m in Sources */,
				DEA008D31529F712005BBCFA /* UIImage+Resize.m in Sources */,
				DE923F681539BD130029C3CA /* WZGradientView.m in Sources */,
				DED2EE42154D8C8F00C91558 /* UIButton+Wyzers.m in Sources */,
				DE546A02155C17A800270A1A /* JRSwizzle.m in Sources */,
				DE77C9121567F20300E86423 /* WZInnerShadowLabel.m in Sources */,
				DEE42724157FB0620068ED05 /* NSThread+Wyzers.m in Sources */,
			);
			runOnlyForDeploymentPostprocessing = 0;
		};
/* End PBXSourcesBuildPhase section */

/* Begin XCBuildConfiguration section */
		DEED525E1507B1CD00F3C820 /* Debug */ = {
			isa = XCBuildConfiguration;
			buildSettings = {
				ALWAYS_SEARCH_USER_PATHS = NO;
				ARCHS = "$(ARCHS_STANDARD_32_BIT)";
				CLANG_ENABLE_OBJC_ARC = YES;
				COPY_PHASE_STRIP = NO;
				GCC_C_LANGUAGE_STANDARD = gnu99;
				GCC_DYNAMIC_NO_PIC = NO;
				GCC_OPTIMIZATION_LEVEL = 0;
				GCC_PREPROCESSOR_DEFINITIONS = (
					"DEBUG=1",
					"$(inherited)",
				);
				GCC_SYMBOLS_PRIVATE_EXTERN = NO;
				GCC_VERSION = com.apple.compilers.llvm.clang.1_0;
				GCC_WARN_ABOUT_RETURN_TYPE = YES;
				GCC_WARN_UNINITIALIZED_AUTOS = YES;
				GCC_WARN_UNUSED_VARIABLE = YES;
				IPHONEOS_DEPLOYMENT_TARGET = 5.0;
				SDKROOT = iphoneos;
			};
			name = Debug;
		};
		DEED525F1507B1CD00F3C820 /* Release */ = {
			isa = XCBuildConfiguration;
			buildSettings = {
				ALWAYS_SEARCH_USER_PATHS = NO;
				ARCHS = "$(ARCHS_STANDARD_32_BIT)";
				CLANG_ENABLE_OBJC_ARC = YES;
				COPY_PHASE_STRIP = YES;
				GCC_C_LANGUAGE_STANDARD = gnu99;
				GCC_VERSION = com.apple.compilers.llvm.clang.1_0;
				GCC_WARN_ABOUT_RETURN_TYPE = YES;
				GCC_WARN_UNINITIALIZED_AUTOS = YES;
				GCC_WARN_UNUSED_VARIABLE = YES;
				IPHONEOS_DEPLOYMENT_TARGET = 5.0;
				SDKROOT = iphoneos;
				VALIDATE_PRODUCT = YES;
			};
			name = Release;
		};
		DEED52611507B1CD00F3C820 /* Debug */ = {
			isa = XCBuildConfiguration;
			buildSettings = {
				DSTROOT = /tmp/WZFoundation.dst;
				GCC_PRECOMPILE_PREFIX_HEADER = YES;
				GCC_PREFIX_HEADER = "WZFoundation/WZFoundation-Prefix.pch";
				OTHER_LDFLAGS = "-ObjC";
				PRODUCT_NAME = "$(TARGET_NAME)";
				SKIP_INSTALL = YES;
			};
			name = Debug;
		};
		DEED52621507B1CD00F3C820 /* Release */ = {
			isa = XCBuildConfiguration;
			buildSettings = {
				DSTROOT = /tmp/WZFoundation.dst;
				GCC_PRECOMPILE_PREFIX_HEADER = YES;
				GCC_PREFIX_HEADER = "WZFoundation/WZFoundation-Prefix.pch";
				OTHER_LDFLAGS = "-ObjC";
				PRODUCT_NAME = "$(TARGET_NAME)";
				SKIP_INSTALL = YES;
			};
			name = Release;
		};
/* End XCBuildConfiguration section */

/* Begin XCConfigurationList section */
		DEED52361507B1CC00F3C820 /* Build configuration list for PBXProject "WZFoundation" */ = {
			isa = XCConfigurationList;
			buildConfigurations = (
				DEED525E1507B1CD00F3C820 /* Debug */,
				DEED525F1507B1CD00F3C820 /* Release */,
			);
			defaultConfigurationIsVisible = 0;
			defaultConfigurationName = Release;
		};
		DEED52601507B1CD00F3C820 /* Build configuration list for PBXNativeTarget "WZFoundation" */ = {
			isa = XCConfigurationList;
			buildConfigurations = (
				DEED52611507B1CD00F3C820 /* Debug */,
				DEED52621507B1CD00F3C820 /* Release */,
			);
			defaultConfigurationIsVisible = 0;
			defaultConfigurationName = Release;
		};
/* End XCConfigurationList section */
	};
	rootObject = DEED52331507B1CC00F3C820 /* Project object */;
}
