// !$*UTF8*$!
{
	archiveVersion = 1;
	classes = {
	};
	objectVersion = 46;
	objects = {

/* Begin PBXBuildFile section */
		DE71ADA31509106200445B75 /* WZCoreData.h in Headers */ = {isa = PBXBuildFile; fileRef = DE71ADA21509106200445B75 /* WZCoreData.h */; settings = {ATTRIBUTES = (Public, ); }; };
		DE71ADC51509EE7F00445B75 /* NSPersistentStoreCoordinator+Wyzers.h in Headers */ = {isa = PBXBuildFile; fileRef = DE71ADC31509EE7E00445B75 /* NSPersistentStoreCoordinator+Wyzers.h */; };
		DE71ADC61509EE7F00445B75 /* NSPersistentStoreCoordinator+Wyzers.m in Sources */ = {isa = PBXBuildFile; fileRef = DE71ADC41509EE7E00445B75 /* NSPersistentStoreCoordinator+Wyzers.m */; };
		DEA443C21510FCDD00E408F8 /* WZResponderLabel.h in Headers */ = {isa = PBXBuildFile; fileRef = DEA443C01510FCDD00E408F8 /* WZResponderLabel.h */; };
		DEA443C31510FCDD00E408F8 /* WZResponderLabel.m in Sources */ = {isa = PBXBuildFile; fileRef = DEA443C11510FCDD00E408F8 /* WZResponderLabel.m */; };
		DEDE48ED1507B9B4009ADF4A /* WZCoreDataHelper.h in Headers */ = {isa = PBXBuildFile; fileRef = DEDE48EB1507B9B4009ADF4A /* WZCoreDataHelper.h */; settings = {ATTRIBUTES = (Public, ); }; };
		DEDE48EE1507B9B4009ADF4A /* WZCoreDataHelper.m in Sources */ = {isa = PBXBuildFile; fileRef = DEDE48EC1507B9B4009ADF4A /* WZCoreDataHelper.m */; };
		DEDE48F3150891B4009ADF4A /* NSManagedObjectModel+Wyzers.h in Headers */ = {isa = PBXBuildFile; fileRef = DEDE48F1150891B4009ADF4A /* NSManagedObjectModel+Wyzers.h */; settings = {ATTRIBUTES = (Public, ); }; };
		DEDE48F4150891B4009ADF4A /* NSManagedObjectModel+Wyzers.m in Sources */ = {isa = PBXBuildFile; fileRef = DEDE48F2150891B4009ADF4A /* NSManagedObjectModel+Wyzers.m */; };
		DEE91E36150F7E6900C11F54 /* WZLabelCell.h in Headers */ = {isa = PBXBuildFile; fileRef = DEE91E34150F7E6900C11F54 /* WZLabelCell.h */; };
		DEE91E37150F7E6900C11F54 /* WZLabelCell.m in Sources */ = {isa = PBXBuildFile; fileRef = DEE91E35150F7E6900C11F54 /* WZLabelCell.m */; };
		DEE91E3A150F80C900C11F54 /* WZLabelFieldCell.h in Headers */ = {isa = PBXBuildFile; fileRef = DEE91E38150F80C900C11F54 /* WZLabelFieldCell.h */; };
		DEE91E3B150F80C900C11F54 /* WZLabelFieldCell.m in Sources */ = {isa = PBXBuildFile; fileRef = DEE91E39150F80C900C11F54 /* WZLabelFieldCell.m */; };
		DEE91E41150F895B00C11F54 /* WZLabelValueCell.h in Headers */ = {isa = PBXBuildFile; fileRef = DEE91E3F150F895B00C11F54 /* WZLabelValueCell.h */; };
		DEE91E42150F895B00C11F54 /* WZLabelValueCell.m in Sources */ = {isa = PBXBuildFile; fileRef = DEE91E40150F895B00C11F54 /* WZLabelValueCell.m */; };
		DEE91E49150F8AFD00C11F54 /* WZButtonCell.h in Headers */ = {isa = PBXBuildFile; fileRef = DEE91E47150F8AFD00C11F54 /* WZButtonCell.h */; };
		DEE91E4A150F8AFD00C11F54 /* WZButtonCell.m in Sources */ = {isa = PBXBuildFile; fileRef = DEE91E48150F8AFD00C11F54 /* WZButtonCell.m */; };
		DEE91E5D150F972200C11F54 /* WZSelectViewController.h in Headers */ = {isa = PBXBuildFile; fileRef = DEE91E5B150F972200C11F54 /* WZSelectViewController.h */; };
		DEE91E5E150F972200C11F54 /* WZSelectViewController.m in Sources */ = {isa = PBXBuildFile; fileRef = DEE91E5C150F972200C11F54 /* WZSelectViewController.m */; };
		DEE91E701510793600C11F54 /* UIView+Wyzers.h in Headers */ = {isa = PBXBuildFile; fileRef = DEE91E6E1510793600C11F54 /* UIView+Wyzers.h */; };
		DEE91E711510793600C11F54 /* UIView+Wyzers.m in Sources */ = {isa = PBXBuildFile; fileRef = DEE91E6F1510793600C11F54 /* UIView+Wyzers.m */; };
		DEED52401507B1CD00F3C820 /* Foundation.framework in Frameworks */ = {isa = PBXBuildFile; fileRef = DEED523F1507B1CD00F3C820 /* Foundation.framework */; };
		DEED52701507B25700F3C820 /* WZFoundation.h in Headers */ = {isa = PBXBuildFile; fileRef = DEED526F1507B25700F3C820 /* WZFoundation.h */; settings = {ATTRIBUTES = (Public, ); }; };
		DEED52741507B2A200F3C820 /* LoadableCategory.h in Headers */ = {isa = PBXBuildFile; fileRef = DEED52731507B2A200F3C820 /* LoadableCategory.h */; settings = {ATTRIBUTES = (Public, ); }; };
		DEED52771507B33200F3C820 /* NSArray+WZHelpers.h in Headers */ = {isa = PBXBuildFile; fileRef = DEED52751507B33200F3C820 /* NSArray+WZHelpers.h */; settings = {ATTRIBUTES = (Public, ); }; };
		DEED52781507B33200F3C820 /* NSArray+WZHelpers.m in Sources */ = {isa = PBXBuildFile; fileRef = DEED52761507B33200F3C820 /* NSArray+WZHelpers.m */; };
		DEED528F1507B64A00F3C820 /* CoreData.framework in Frameworks */ = {isa = PBXBuildFile; fileRef = DEED528E1507B64A00F3C820 /* CoreData.framework */; };
		DEED52931507B66400F3C820 /* NSManagedObjectContext+Wyzers.h in Headers */ = {isa = PBXBuildFile; fileRef = DEED52911507B66400F3C820 /* NSManagedObjectContext+Wyzers.h */; settings = {ATTRIBUTES = (Public, ); }; };
		DEED52941507B66400F3C820 /* NSManagedObjectContext+Wyzers.m in Sources */ = {isa = PBXBuildFile; fileRef = DEED52921507B66400F3C820 /* NSManagedObjectContext+Wyzers.m */; };
		DEED52971507B6A000F3C820 /* NSManagedObject+Wyzers.h in Headers */ = {isa = PBXBuildFile; fileRef = DEED52951507B69F00F3C820 /* NSManagedObject+Wyzers.h */; settings = {ATTRIBUTES = (Public, ); }; };
		DEED52981507B6A000F3C820 /* NSManagedObject+Wyzers.m in Sources */ = {isa = PBXBuildFile; fileRef = DEED52961507B6A000F3C820 /* NSManagedObject+Wyzers.m */; };
/* End PBXBuildFile section */

/* Begin PBXFileReference section */
		DE71ADA21509106200445B75 /* WZCoreData.h */ = {isa = PBXFileReference; fileEncoding = 4; lastKnownFileType = sourcecode.c.h; path = WZCoreData.h; sourceTree = "<group>"; };
		DE71ADC31509EE7E00445B75 /* NSPersistentStoreCoordinator+Wyzers.h */ = {isa = PBXFileReference; fileEncoding = 4; lastKnownFileType = sourcecode.c.h; path = "NSPersistentStoreCoordinator+Wyzers.h"; sourceTree = "<group>"; };
		DE71ADC41509EE7E00445B75 /* NSPersistentStoreCoordinator+Wyzers.m */ = {isa = PBXFileReference; fileEncoding = 4; lastKnownFileType = sourcecode.c.objc; path = "NSPersistentStoreCoordinator+Wyzers.m"; sourceTree = "<group>"; };
		DEA443C01510FCDD00E408F8 /* WZResponderLabel.h */ = {isa = PBXFileReference; fileEncoding = 4; lastKnownFileType = sourcecode.c.h; path = WZResponderLabel.h; sourceTree = "<group>"; };
		DEA443C11510FCDD00E408F8 /* WZResponderLabel.m */ = {isa = PBXFileReference; fileEncoding = 4; lastKnownFileType = sourcecode.c.objc; path = WZResponderLabel.m; sourceTree = "<group>"; };
		DEDE48EB1507B9B4009ADF4A /* WZCoreDataHelper.h */ = {isa = PBXFileReference; fileEncoding = 4; lastKnownFileType = sourcecode.c.h; path = WZCoreDataHelper.h; sourceTree = "<group>"; };
		DEDE48EC1507B9B4009ADF4A /* WZCoreDataHelper.m */ = {isa = PBXFileReference; fileEncoding = 4; lastKnownFileType = sourcecode.c.objc; path = WZCoreDataHelper.m; sourceTree = "<group>"; };
		DEDE48F01507BBD5009ADF4A /* WZHelpers.h */ = {isa = PBXFileReference; lastKnownFileType = sourcecode.c.h; path = WZHelpers.h; sourceTree = "<group>"; };
		DEDE48F1150891B4009ADF4A /* NSManagedObjectModel+Wyzers.h */ = {isa = PBXFileReference; fileEncoding = 4; lastKnownFileType = sourcecode.c.h; path = "NSManagedObjectModel+Wyzers.h"; sourceTree = "<group>"; };
		DEDE48F2150891B4009ADF4A /* NSManagedObjectModel+Wyzers.m */ = {isa = PBXFileReference; fileEncoding = 4; lastKnownFileType = sourcecode.c.objc; path = "NSManagedObjectModel+Wyzers.m"; sourceTree = "<group>"; };
		DEE91E34150F7E6900C11F54 /* WZLabelCell.h */ = {isa = PBXFileReference; fileEncoding = 4; lastKnownFileType = sourcecode.c.h; path = WZLabelCell.h; sourceTree = "<group>"; };
		DEE91E35150F7E6900C11F54 /* WZLabelCell.m */ = {isa = PBXFileReference; fileEncoding = 4; lastKnownFileType = sourcecode.c.objc; path = WZLabelCell.m; sourceTree = "<group>"; };
		DEE91E38150F80C900C11F54 /* WZLabelFieldCell.h */ = {isa = PBXFileReference; fileEncoding = 4; lastKnownFileType = sourcecode.c.h; path = WZLabelFieldCell.h; sourceTree = "<group>"; };
		DEE91E39150F80C900C11F54 /* WZLabelFieldCell.m */ = {isa = PBXFileReference; fileEncoding = 4; lastKnownFileType = sourcecode.c.objc; path = WZLabelFieldCell.m; sourceTree = "<group>"; };
		DEE91E3E150F84A100C11F54 /* WZGUI.h */ = {isa = PBXFileReference; lastKnownFileType = sourcecode.c.h; path = WZGUI.h; sourceTree = "<group>"; };
		DEE91E3F150F895B00C11F54 /* WZLabelValueCell.h */ = {isa = PBXFileReference; fileEncoding = 4; lastKnownFileType = sourcecode.c.h; path = WZLabelValueCell.h; sourceTree = "<group>"; };
		DEE91E40150F895B00C11F54 /* WZLabelValueCell.m */ = {isa = PBXFileReference; fileEncoding = 4; lastKnownFileType = sourcecode.c.objc; path = WZLabelValueCell.m; sourceTree = "<group>"; };
		DEE91E47150F8AFD00C11F54 /* WZButtonCell.h */ = {isa = PBXFileReference; fileEncoding = 4; lastKnownFileType = sourcecode.c.h; path = WZButtonCell.h; sourceTree = "<group>"; };
		DEE91E48150F8AFD00C11F54 /* WZButtonCell.m */ = {isa = PBXFileReference; fileEncoding = 4; lastKnownFileType = sourcecode.c.objc; path = WZButtonCell.m; sourceTree = "<group>"; };
		DEE91E5B150F972200C11F54 /* WZSelectViewController.h */ = {isa = PBXFileReference; fileEncoding = 4; lastKnownFileType = sourcecode.c.h; path = WZSelectViewController.h; sourceTree = "<group>"; };
		DEE91E5C150F972200C11F54 /* WZSelectViewController.m */ = {isa = PBXFileReference; fileEncoding = 4; lastKnownFileType = sourcecode.c.objc; path = WZSelectViewController.m; sourceTree = "<group>"; };
		DEE91E6E1510793600C11F54 /* UIView+Wyzers.h */ = {isa = PBXFileReference; fileEncoding = 4; lastKnownFileType = sourcecode.c.h; path = "UIView+Wyzers.h"; sourceTree = "<group>"; };
		DEE91E6F1510793600C11F54 /* UIView+Wyzers.m */ = {isa = PBXFileReference; fileEncoding = 4; lastKnownFileType = sourcecode.c.objc; path = "UIView+Wyzers.m"; sourceTree = "<group>"; };
		DEED523C1507B1CD00F3C820 /* libWZFoundation.a */ = {isa = PBXFileReference; explicitFileType = archive.ar; includeInIndex = 0; path = libWZFoundation.a; sourceTree = BUILT_PRODUCTS_DIR; };
		DEED523F1507B1CD00F3C820 /* Foundation.framework */ = {isa = PBXFileReference; lastKnownFileType = wrapper.framework; name = Foundation.framework; path = System/Library/Frameworks/Foundation.framework; sourceTree = SDKROOT; };
		DEED52431507B1CD00F3C820 /* WZFoundation-Prefix.pch */ = {isa = PBXFileReference; lastKnownFileType = sourcecode.c.h; path = "WZFoundation-Prefix.pch"; sourceTree = "<group>"; };
		DEED524D1507B1CD00F3C820 /* SenTestingKit.framework */ = {isa = PBXFileReference; lastKnownFileType = wrapper.framework; name = SenTestingKit.framework; path = Library/Frameworks/SenTestingKit.framework; sourceTree = DEVELOPER_DIR; };
		DEED524F1507B1CD00F3C820 /* UIKit.framework */ = {isa = PBXFileReference; lastKnownFileType = wrapper.framework; name = UIKit.framework; path = Library/Frameworks/UIKit.framework; sourceTree = DEVELOPER_DIR; };
		DEED526F1507B25700F3C820 /* WZFoundation.h */ = {isa = PBXFileReference; fileEncoding = 4; lastKnownFileType = sourcecode.c.h; path = WZFoundation.h; sourceTree = "<group>"; };
		DEED52731507B2A200F3C820 /* LoadableCategory.h */ = {isa = PBXFileReference; fileEncoding = 4; lastKnownFileType = sourcecode.c.h; path = LoadableCategory.h; sourceTree = "<group>"; };
		DEED52751507B33200F3C820 /* NSArray+WZHelpers.h */ = {isa = PBXFileReference; fileEncoding = 4; lastKnownFileType = sourcecode.c.h; path = "NSArray+WZHelpers.h"; sourceTree = "<group>"; };
		DEED52761507B33200F3C820 /* NSArray+WZHelpers.m */ = {isa = PBXFileReference; fileEncoding = 4; lastKnownFileType = sourcecode.c.objc; path = "NSArray+WZHelpers.m"; sourceTree = "<group>"; };
		DEED528E1507B64A00F3C820 /* CoreData.framework */ = {isa = PBXFileReference; lastKnownFileType = wrapper.framework; name = CoreData.framework; path = System/Library/Frameworks/CoreData.framework; sourceTree = SDKROOT; };
		DEED52911507B66400F3C820 /* NSManagedObjectContext+Wyzers.h */ = {isa = PBXFileReference; fileEncoding = 4; lastKnownFileType = sourcecode.c.h; path = "NSManagedObjectContext+Wyzers.h"; sourceTree = "<group>"; };
		DEED52921507B66400F3C820 /* NSManagedObjectContext+Wyzers.m */ = {isa = PBXFileReference; fileEncoding = 4; lastKnownFileType = sourcecode.c.objc; path = "NSManagedObjectContext+Wyzers.m"; sourceTree = "<group>"; };
		DEED52951507B69F00F3C820 /* NSManagedObject+Wyzers.h */ = {isa = PBXFileReference; fileEncoding = 4; lastKnownFileType = sourcecode.c.h; path = "NSManagedObject+Wyzers.h"; sourceTree = "<group>"; };
		DEED52961507B6A000F3C820 /* NSManagedObject+Wyzers.m */ = {isa = PBXFileReference; fileEncoding = 4; lastKnownFileType = sourcecode.c.objc; path = "NSManagedObject+Wyzers.m"; sourceTree = "<group>"; };
/* End PBXFileReference section */

/* Begin PBXFrameworksBuildPhase section */
		DEED52391507B1CD00F3C820 /* Frameworks */ = {
			isa = PBXFrameworksBuildPhase;
			buildActionMask = 2147483647;
			files = (
				DEED528F1507B64A00F3C820 /* CoreData.framework in Frameworks */,
				DEED52401507B1CD00F3C820 /* Foundation.framework in Frameworks */,
			);
			runOnlyForDeploymentPostprocessing = 0;
		};
/* End PBXFrameworksBuildPhase section */

/* Begin PBXGroup section */
		DEE91E31150F742600C11F54 /* GUI */ = {
			isa = PBXGroup;
			children = (
				DEE91E3E150F84A100C11F54 /* WZGUI.h */,
				DEE91E33150F7E4800C11F54 /* Cells */,
				DEE91E5B150F972200C11F54 /* WZSelectViewController.h */,
				DEE91E5C150F972200C11F54 /* WZSelectViewController.m */,
			);
			path = GUI;
			sourceTree = "<group>";
		};
		DEE91E33150F7E4800C11F54 /* Cells */ = {
			isa = PBXGroup;
			children = (
				DEE91E34150F7E6900C11F54 /* WZLabelCell.h */,
				DEE91E35150F7E6900C11F54 /* WZLabelCell.m */,
				DEE91E38150F80C900C11F54 /* WZLabelFieldCell.h */,
				DEE91E39150F80C900C11F54 /* WZLabelFieldCell.m */,
				DEE91E3F150F895B00C11F54 /* WZLabelValueCell.h */,
				DEE91E40150F895B00C11F54 /* WZLabelValueCell.m */,
				DEE91E47150F8AFD00C11F54 /* WZButtonCell.h */,
				DEE91E48150F8AFD00C11F54 /* WZButtonCell.m */,
				DEA443C01510FCDD00E408F8 /* WZResponderLabel.h */,
				DEA443C11510FCDD00E408F8 /* WZResponderLabel.m */,
			);
			name = Cells;
			sourceTree = "<group>";
		};
		DEED52311507B1CC00F3C820 = {
			isa = PBXGroup;
			children = (
				DEED52411507B1CD00F3C820 /* WZFoundation */,
				DEED523E1507B1CD00F3C820 /* Frameworks */,
				DEED523D1507B1CD00F3C820 /* Products */,
			);
			sourceTree = "<group>";
		};
		DEED523D1507B1CD00F3C820 /* Products */ = {
			isa = PBXGroup;
			children = (
				DEED523C1507B1CD00F3C820 /* libWZFoundation.a */,
			);
			name = Products;
			sourceTree = "<group>";
		};
		DEED523E1507B1CD00F3C820 /* Frameworks */ = {
			isa = PBXGroup;
			children = (
				DEED528E1507B64A00F3C820 /* CoreData.framework */,
				DEED523F1507B1CD00F3C820 /* Foundation.framework */,
				DEED524D1507B1CD00F3C820 /* SenTestingKit.framework */,
				DEED524F1507B1CD00F3C820 /* UIKit.framework */,
			);
			name = Frameworks;
			sourceTree = "<group>";
		};
		DEED52411507B1CD00F3C820 /* WZFoundation */ = {
			isa = PBXGroup;
			children = (
				DEED526F1507B25700F3C820 /* WZFoundation.h */,
				DEED526A1507B21500F3C820 /* Core Data */,
				DEE91E31150F742600C11F54 /* GUI */,
				DEED526B1507B22500F3C820 /* Helpers */,
				DEED52421507B1CD00F3C820 /* Supporting Files */,
			);
			path = WZFoundation;
			sourceTree = "<group>";
		};
		DEED52421507B1CD00F3C820 /* Supporting Files */ = {
			isa = PBXGroup;
			children = (
				DEED52431507B1CD00F3C820 /* WZFoundation-Prefix.pch */,
			);
			name = "Supporting Files";
			sourceTree = "<group>";
		};
		DEED526A1507B21500F3C820 /* Core Data */ = {
			isa = PBXGroup;
			children = (
				DE71ADA21509106200445B75 /* WZCoreData.h */,
				DEDE48EB1507B9B4009ADF4A /* WZCoreDataHelper.h */,
				DEDE48EC1507B9B4009ADF4A /* WZCoreDataHelper.m */,
				DEED52951507B69F00F3C820 /* NSManagedObject+Wyzers.h */,
				DEED52961507B6A000F3C820 /* NSManagedObject+Wyzers.m */,
				DEED52911507B66400F3C820 /* NSManagedObjectContext+Wyzers.h */,
				DEED52921507B66400F3C820 /* NSManagedObjectContext+Wyzers.m */,
				DEDE48F1150891B4009ADF4A /* NSManagedObjectModel+Wyzers.h */,
				DEDE48F2150891B4009ADF4A /* NSManagedObjectModel+Wyzers.m */,
				DE71ADC31509EE7E00445B75 /* NSPersistentStoreCoordinator+Wyzers.h */,
				DE71ADC41509EE7E00445B75 /* NSPersistentStoreCoordinator+Wyzers.m */,
			);
			name = "Core Data";
			path = CoreData;
			sourceTree = "<group>";
		};
		DEED526B1507B22500F3C820 /* Helpers */ = {
			isa = PBXGroup;
			children = (
				DEDE48F01507BBD5009ADF4A /* WZHelpers.h */,
				DEED52731507B2A200F3C820 /* LoadableCategory.h */,
				DEED52751507B33200F3C820 /* NSArray+WZHelpers.h */,
				DEED52761507B33200F3C820 /* NSArray+WZHelpers.m */,
				DEE91E6E1510793600C11F54 /* UIView+Wyzers.h */,
				DEE91E6F1510793600C11F54 /* UIView+Wyzers.m */,
			);
			path = Helpers;
			sourceTree = "<group>";
		};
/* End PBXGroup section */

/* Begin PBXHeadersBuildPhase section */
		DEED523A1507B1CD00F3C820 /* Headers */ = {
			isa = PBXHeadersBuildPhase;
			buildActionMask = 2147483647;
			files = (
				DEED52701507B25700F3C820 /* WZFoundation.h in Headers */,
				DEED52741507B2A200F3C820 /* LoadableCategory.h in Headers */,
				DEED52771507B33200F3C820 /* NSArray+WZHelpers.h in Headers */,
				DEED52931507B66400F3C820 /* NSManagedObjectContext+Wyzers.h in Headers */,
				DEED52971507B6A000F3C820 /* NSManagedObject+Wyzers.h in Headers */,
				DEDE48ED1507B9B4009ADF4A /* WZCoreDataHelper.h in Headers */,
				DEDE48F3150891B4009ADF4A /* NSManagedObjectModel+Wyzers.h in Headers */,
				DE71ADA31509106200445B75 /* WZCoreData.h in Headers */,
				DE71ADC51509EE7F00445B75 /* NSPersistentStoreCoordinator+Wyzers.h in Headers */,
				DEE91E36150F7E6900C11F54 /* WZLabelCell.h in Headers */,
				DEE91E3A150F80C900C11F54 /* WZLabelFieldCell.h in Headers */,
				DEE91E41150F895B00C11F54 /* WZLabelValueCell.h in Headers */,
				DEE91E49150F8AFD00C11F54 /* WZButtonCell.h in Headers */,
				DEE91E5D150F972200C11F54 /* WZSelectViewController.h in Headers */,
				DEE91E701510793600C11F54 /* UIView+Wyzers.h in Headers */,
				DEA443C21510FCDD00E408F8 /* WZResponderLabel.h in Headers */,
			);
			runOnlyForDeploymentPostprocessing = 0;
		};
/* End PBXHeadersBuildPhase section */

/* Begin PBXNativeTarget section */
		DEED523B1507B1CD00F3C820 /* WZFoundation */ = {
			isa = PBXNativeTarget;
			buildConfigurationList = DEED52601507B1CD00F3C820 /* Build configuration list for PBXNativeTarget "WZFoundation" */;
			buildPhases = (
				DEED52381507B1CD00F3C820 /* Sources */,
				DEED52391507B1CD00F3C820 /* Frameworks */,
				DEED523A1507B1CD00F3C820 /* Headers */,
			);
			buildRules = (
			);
			dependencies = (
			);
			name = WZFoundation;
			productName = WZFoundation;
			productReference = DEED523C1507B1CD00F3C820 /* libWZFoundation.a */;
			productType = "com.apple.product-type.library.static";
		};
/* End PBXNativeTarget section */

/* Begin PBXProject section */
		DEED52331507B1CC00F3C820 /* Project object */ = {
			isa = PBXProject;
			attributes = {
				CLASSPREFIX = WZ;
				LastUpgradeCheck = 0430;
				ORGANIZATIONNAME = Wyzers;
			};
			buildConfigurationList = DEED52361507B1CC00F3C820 /* Build configuration list for PBXProject "WZFoundation" */;
			compatibilityVersion = "Xcode 3.2";
			developmentRegion = English;
			hasScannedForEncodings = 0;
			knownRegions = (
				en,
			);
			mainGroup = DEED52311507B1CC00F3C820;
			productRefGroup = DEED523D1507B1CD00F3C820 /* Products */;
			projectDirPath = "";
			projectRoot = "";
			targets = (
				DEED523B1507B1CD00F3C820 /* WZFoundation */,
			);
		};
/* End PBXProject section */

/* Begin PBXSourcesBuildPhase section */
		DEED52381507B1CD00F3C820 /* Sources */ = {
			isa = PBXSourcesBuildPhase;
			buildActionMask = 2147483647;
			files = (
				DEED52781507B33200F3C820 /* NSArray+WZHelpers.m in Sources */,
				DEED52941507B66400F3C820 /* NSManagedObjectContext+Wyzers.m in Sources */,
				DEED52981507B6A000F3C820 /* NSManagedObject+Wyzers.m in Sources */,
				DEDE48EE1507B9B4009ADF4A /* WZCoreDataHelper.m in Sources */,
				DEDE48F4150891B4009ADF4A /* NSManagedObjectModel+Wyzers.m in Sources */,
				DE71ADC61509EE7F00445B75 /* NSPersistentStoreCoordinator+Wyzers.m in Sources */,
				DEE91E37150F7E6900C11F54 /* WZLabelCell.m in Sources */,
				DEE91E3B150F80C900C11F54 /* WZLabelFieldCell.m in Sources */,
				DEE91E42150F895B00C11F54 /* WZLabelValueCell.m in Sources */,
				DEE91E4A150F8AFD00C11F54 /* WZButtonCell.m in Sources */,
				DEE91E5E150F972200C11F54 /* WZSelectViewController.m in Sources */,
				DEE91E711510793600C11F54 /* UIView+Wyzers.m in Sources */,
				DEA443C31510FCDD00E408F8 /* WZResponderLabel.m in Sources */,
			);
			runOnlyForDeploymentPostprocessing = 0;
		};
/* End PBXSourcesBuildPhase section */

/* Begin XCBuildConfiguration section */
		DEED525E1507B1CD00F3C820 /* Debug */ = {
			isa = XCBuildConfiguration;
			buildSettings = {
				ALWAYS_SEARCH_USER_PATHS = NO;
				ARCHS = "$(ARCHS_STANDARD_32_BIT)";
				CLANG_ENABLE_OBJC_ARC = YES;
				COPY_PHASE_STRIP = NO;
				GCC_C_LANGUAGE_STANDARD = gnu99;
				GCC_DYNAMIC_NO_PIC = NO;
				GCC_OPTIMIZATION_LEVEL = 0;
				GCC_PREPROCESSOR_DEFINITIONS = (
					"DEBUG=1",
					"$(inherited)",
				);
				GCC_SYMBOLS_PRIVATE_EXTERN = NO;
				GCC_VERSION = com.apple.compilers.llvm.clang.1_0;
				GCC_WARN_ABOUT_RETURN_TYPE = YES;
				GCC_WARN_UNINITIALIZED_AUTOS = YES;
				GCC_WARN_UNUSED_VARIABLE = YES;
				IPHONEOS_DEPLOYMENT_TARGET = 5.0;
				SDKROOT = iphoneos;
			};
			name = Debug;
		};
		DEED525F1507B1CD00F3C820 /* Release */ = {
			isa = XCBuildConfiguration;
			buildSettings = {
				ALWAYS_SEARCH_USER_PATHS = NO;
				ARCHS = "$(ARCHS_STANDARD_32_BIT)";
				CLANG_ENABLE_OBJC_ARC = YES;
				COPY_PHASE_STRIP = YES;
				GCC_C_LANGUAGE_STANDARD = gnu99;
				GCC_VERSION = com.apple.compilers.llvm.clang.1_0;
				GCC_WARN_ABOUT_RETURN_TYPE = YES;
				GCC_WARN_UNINITIALIZED_AUTOS = YES;
				GCC_WARN_UNUSED_VARIABLE = YES;
				IPHONEOS_DEPLOYMENT_TARGET = 5.0;
				SDKROOT = iphoneos;
				VALIDATE_PRODUCT = YES;
			};
			name = Release;
		};
		DEED52611507B1CD00F3C820 /* Debug */ = {
			isa = XCBuildConfiguration;
			buildSettings = {
				DSTROOT = /tmp/WZFoundation.dst;
				GCC_PRECOMPILE_PREFIX_HEADER = YES;
				GCC_PREFIX_HEADER = "WZFoundation/WZFoundation-Prefix.pch";
				OTHER_LDFLAGS = "-ObjC";
				PRODUCT_NAME = "$(TARGET_NAME)";
				SKIP_INSTALL = YES;
			};
			name = Debug;
		};
		DEED52621507B1CD00F3C820 /* Release */ = {
			isa = XCBuildConfiguration;
			buildSettings = {
				DSTROOT = /tmp/WZFoundation.dst;
				GCC_PRECOMPILE_PREFIX_HEADER = YES;
				GCC_PREFIX_HEADER = "WZFoundation/WZFoundation-Prefix.pch";
				OTHER_LDFLAGS = "-ObjC";
				PRODUCT_NAME = "$(TARGET_NAME)";
				SKIP_INSTALL = YES;
			};
			name = Release;
		};
/* End XCBuildConfiguration section */

/* Begin XCConfigurationList section */
		DEED52361507B1CC00F3C820 /* Build configuration list for PBXProject "WZFoundation" */ = {
			isa = XCConfigurationList;
			buildConfigurations = (
				DEED525E1507B1CD00F3C820 /* Debug */,
				DEED525F1507B1CD00F3C820 /* Release */,
			);
			defaultConfigurationIsVisible = 0;
			defaultConfigurationName = Release;
		};
		DEED52601507B1CD00F3C820 /* Build configuration list for PBXNativeTarget "WZFoundation" */ = {
			isa = XCConfigurationList;
			buildConfigurations = (
				DEED52611507B1CD00F3C820 /* Debug */,
				DEED52621507B1CD00F3C820 /* Release */,
			);
			defaultConfigurationIsVisible = 0;
			defaultConfigurationName = Release;
		};
/* End XCConfigurationList section */
	};
	rootObject = DEED52331507B1CC00F3C820 /* Project object */;
}
